// !$*UTF8*$!
{
	archiveVersion = 1;
	classes = {
	};
	objectVersion = 56;
	objects = {

/* Begin PBXBuildFile section */
		EC2799862B19ECE900D9E4B0 /* ComposableArchitecture in Frameworks */ = {isa = PBXBuildFile; productRef = EC2799852B19ECE900D9E4B0 /* ComposableArchitecture */; };
		EC2799882B1B2BBA00D9E4B0 /* APIKeys.json in Resources */ = {isa = PBXBuildFile; fileRef = EC2799872B1B2BBA00D9E4B0 /* APIKeys.json */; settings = {ASSET_TAGS = (APIKeys, ); }; };
		EC27998A2B1B304900D9E4B0 /* ApiKeysClient.swift in Sources */ = {isa = PBXBuildFile; fileRef = EC2799892B1B304900D9E4B0 /* ApiKeysClient.swift */; };
		EC27998D2B1B385200D9E4B0 /* FoodListReducer.swift in Sources */ = {isa = PBXBuildFile; fileRef = EC27998C2B1B385200D9E4B0 /* FoodListReducer.swift */; };
		EC2799902B1B390E00D9E4B0 /* FoodDetailsReducer.swift in Sources */ = {isa = PBXBuildFile; fileRef = EC27998F2B1B390E00D9E4B0 /* FoodDetailsReducer.swift */; };
		EC43E55A2B175A140007CD40 /* FoodSpecApp.swift in Sources */ = {isa = PBXBuildFile; fileRef = EC43E5592B175A140007CD40 /* FoodSpecApp.swift */; };
		EC43E55C2B175A140007CD40 /* FoodList.swift in Sources */ = {isa = PBXBuildFile; fileRef = EC43E55B2B175A140007CD40 /* FoodList.swift */; };
		EC43E5602B175A160007CD40 /* Assets.xcassets in Resources */ = {isa = PBXBuildFile; fileRef = EC43E55F2B175A160007CD40 /* Assets.xcassets */; };
		EC43E5632B175A160007CD40 /* Preview Assets.xcassets in Resources */ = {isa = PBXBuildFile; fileRef = EC43E5622B175A160007CD40 /* Preview Assets.xcassets */; };
		EC4717A42B1B8474007B491C /* Quantity.swift in Sources */ = {isa = PBXBuildFile; fileRef = EC4717A32B1B8474007B491C /* Quantity.swift */; };
		EC4717A62B1C4DD5007B491C /* FoodListRow.swift in Sources */ = {isa = PBXBuildFile; fileRef = EC4717A52B1C4DD5007B491C /* FoodListRow.swift */; };
		EC7DC2872B1DC38100BC8FD5 /* UserDefaultsClient.swift in Sources */ = {isa = PBXBuildFile; fileRef = EC7DC2862B1DC38100BC8FD5 /* UserDefaultsClient.swift */; };
		EC7DC2892B1DF22900BC8FD5 /* FoodListReducerTests.swift in Sources */ = {isa = PBXBuildFile; fileRef = EC7DC2882B1DF22900BC8FD5 /* FoodListReducerTests.swift */; };
		EC7DC28D2B1F32C400BC8FD5 /* GRDB in Frameworks */ = {isa = PBXBuildFile; productRef = EC7DC28C2B1F32C400BC8FD5 /* GRDB */; };
		EC7DC2922B1F375100BC8FD5 /* Food.swift in Sources */ = {isa = PBXBuildFile; fileRef = EC7DC2912B1F375100BC8FD5 /* Food.swift */; };
		EC7DC2952B1F397D00BC8FD5 /* Database+Creation.swift in Sources */ = {isa = PBXBuildFile; fileRef = EC7DC2932B1F397D00BC8FD5 /* Database+Creation.swift */; };
		EC7DC2982B1F669D00BC8FD5 /* DatabaseClient.swift in Sources */ = {isa = PBXBuildFile; fileRef = EC7DC2972B1F669D00BC8FD5 /* DatabaseClient.swift */; };
		EC7F56722B221519005C372B /* SpotlightReducer.swift in Sources */ = {isa = PBXBuildFile; fileRef = EC7F56712B221519005C372B /* SpotlightReducer.swift */; };
		EC7F56742B221572005C372B /* SpotlightClient.swift in Sources */ = {isa = PBXBuildFile; fileRef = EC7F56732B221572005C372B /* SpotlightClient.swift */; };
		EC7F56762B2303DB005C372B /* SpotlightReducerTests.swift in Sources */ = {isa = PBXBuildFile; fileRef = EC7F56752B2303DB005C372B /* SpotlightReducerTests.swift */; };
		EC7F56782B230D9E005C372B /* EnergyCalculator.swift in Sources */ = {isa = PBXBuildFile; fileRef = EC7F56772B230D9E005C372B /* EnergyCalculator.swift */; };
		EC7F567B2B23136D005C372B /* EnergyBreakdownChart.swift in Sources */ = {isa = PBXBuildFile; fileRef = EC7F567A2B23136D005C372B /* EnergyBreakdownChart.swift */; };
		EC7F567D2B237036005C372B /* EnergyCalculatorTests.swift in Sources */ = {isa = PBXBuildFile; fileRef = EC7F567C2B237036005C372B /* EnergyCalculatorTests.swift */; };
		EC7F56802B2395E7005C372B /* Billboard in Frameworks */ = {isa = PBXBuildFile; productRef = EC7F567F2B2395E7005C372B /* Billboard */; };
		EC7F56822B2397B3005C372B /* BillboardClient.swift in Sources */ = {isa = PBXBuildFile; fileRef = EC7F56812B2397B3005C372B /* BillboardClient.swift */; };
		EC7F56842B24638B005C372B /* BillboardReducer.swift in Sources */ = {isa = PBXBuildFile; fileRef = EC7F56832B24638B005C372B /* BillboardReducer.swift */; };
		EC7F56862B2466F6005C372B /* BillboardReducerTests.swift in Sources */ = {isa = PBXBuildFile; fileRef = EC7F56852B2466F6005C372B /* BillboardReducerTests.swift */; };
		EC87FC4E2B21B4BA006B8B28 /* AsyncAlgorithms in Frameworks */ = {isa = PBXBuildFile; productRef = EC87FC4D2B21B4BA006B8B28 /* AsyncAlgorithms */; };
		EC9577B02B1869760082A0D1 /* FoodDetails.swift in Sources */ = {isa = PBXBuildFile; fileRef = EC9577AF2B1869760082A0D1 /* FoodDetails.swift */; };
		EC9577B22B1872E60082A0D1 /* NutritionalValueCard.swift in Sources */ = {isa = PBXBuildFile; fileRef = EC9577B12B1872E60082A0D1 /* NutritionalValueCard.swift */; };
		ECA64C232B1DB18E0036EE4F /* Energy.swift in Sources */ = {isa = PBXBuildFile; fileRef = ECA64C222B1DB18E0036EE4F /* Energy.swift */; };
		ECCA83F82B177A1400C9EF4D /* FoodClient.swift in Sources */ = {isa = PBXBuildFile; fileRef = ECCA83F52B177A1400C9EF4D /* FoodClient.swift */; };
/* End PBXBuildFile section */

/* Begin PBXContainerItemProxy section */
		EC43E56B2B175A160007CD40 /* PBXContainerItemProxy */ = {
			isa = PBXContainerItemProxy;
			containerPortal = EC43E54E2B175A140007CD40 /* Project object */;
			proxyType = 1;
			remoteGlobalIDString = EC43E5552B175A140007CD40;
			remoteInfo = FoodSpec;
		};
/* End PBXContainerItemProxy section */

/* Begin PBXFileReference section */
		EC2799872B1B2BBA00D9E4B0 /* APIKeys.json */ = {isa = PBXFileReference; lastKnownFileType = text.json; path = APIKeys.json; sourceTree = "<group>"; };
		EC2799892B1B304900D9E4B0 /* ApiKeysClient.swift */ = {isa = PBXFileReference; lastKnownFileType = sourcecode.swift; path = ApiKeysClient.swift; sourceTree = "<group>"; };
		EC27998C2B1B385200D9E4B0 /* FoodListReducer.swift */ = {isa = PBXFileReference; lastKnownFileType = sourcecode.swift; path = FoodListReducer.swift; sourceTree = "<group>"; };
		EC27998F2B1B390E00D9E4B0 /* FoodDetailsReducer.swift */ = {isa = PBXFileReference; lastKnownFileType = sourcecode.swift; path = FoodDetailsReducer.swift; sourceTree = "<group>"; };
		EC43E5562B175A140007CD40 /* FoodSpec.app */ = {isa = PBXFileReference; explicitFileType = wrapper.application; includeInIndex = 0; path = FoodSpec.app; sourceTree = BUILT_PRODUCTS_DIR; };
		EC43E5592B175A140007CD40 /* FoodSpecApp.swift */ = {isa = PBXFileReference; lastKnownFileType = sourcecode.swift; path = FoodSpecApp.swift; sourceTree = "<group>"; };
		EC43E55B2B175A140007CD40 /* FoodList.swift */ = {isa = PBXFileReference; lastKnownFileType = sourcecode.swift; path = FoodList.swift; sourceTree = "<group>"; };
		EC43E55F2B175A160007CD40 /* Assets.xcassets */ = {isa = PBXFileReference; lastKnownFileType = folder.assetcatalog; path = Assets.xcassets; sourceTree = "<group>"; };
		EC43E5622B175A160007CD40 /* Preview Assets.xcassets */ = {isa = PBXFileReference; lastKnownFileType = folder.assetcatalog; path = "Preview Assets.xcassets"; sourceTree = "<group>"; };
		EC43E5642B175A160007CD40 /* FoodSpec.entitlements */ = {isa = PBXFileReference; lastKnownFileType = text.plist.entitlements; path = FoodSpec.entitlements; sourceTree = "<group>"; };
		EC43E5652B175A160007CD40 /* Info.plist */ = {isa = PBXFileReference; lastKnownFileType = text.plist.xml; path = Info.plist; sourceTree = "<group>"; };
		EC43E56A2B175A160007CD40 /* FoodSpecTests.xctest */ = {isa = PBXFileReference; explicitFileType = wrapper.cfbundle; includeInIndex = 0; path = FoodSpecTests.xctest; sourceTree = BUILT_PRODUCTS_DIR; };
		EC4717A32B1B8474007B491C /* Quantity.swift */ = {isa = PBXFileReference; lastKnownFileType = sourcecode.swift; path = Quantity.swift; sourceTree = "<group>"; };
		EC4717A52B1C4DD5007B491C /* FoodListRow.swift */ = {isa = PBXFileReference; lastKnownFileType = sourcecode.swift; path = FoodListRow.swift; sourceTree = "<group>"; };
		EC7DC2862B1DC38100BC8FD5 /* UserDefaultsClient.swift */ = {isa = PBXFileReference; lastKnownFileType = sourcecode.swift; path = UserDefaultsClient.swift; sourceTree = "<group>"; };
		EC7DC2882B1DF22900BC8FD5 /* FoodListReducerTests.swift */ = {isa = PBXFileReference; lastKnownFileType = sourcecode.swift; path = FoodListReducerTests.swift; sourceTree = "<group>"; };
		EC7DC28A2B1E02B600BC8FD5 /* FoodSpec.xctestplan */ = {isa = PBXFileReference; lastKnownFileType = text; path = FoodSpec.xctestplan; sourceTree = "<group>"; };
		EC7DC2912B1F375100BC8FD5 /* Food.swift */ = {isa = PBXFileReference; lastKnownFileType = sourcecode.swift; path = Food.swift; sourceTree = "<group>"; };
		EC7DC2932B1F397D00BC8FD5 /* Database+Creation.swift */ = {isa = PBXFileReference; fileEncoding = 4; lastKnownFileType = sourcecode.swift; path = "Database+Creation.swift"; sourceTree = "<group>"; };
		EC7DC2972B1F669D00BC8FD5 /* DatabaseClient.swift */ = {isa = PBXFileReference; lastKnownFileType = sourcecode.swift; path = DatabaseClient.swift; sourceTree = "<group>"; };
		EC7F56712B221519005C372B /* SpotlightReducer.swift */ = {isa = PBXFileReference; lastKnownFileType = sourcecode.swift; path = SpotlightReducer.swift; sourceTree = "<group>"; };
		EC7F56732B221572005C372B /* SpotlightClient.swift */ = {isa = PBXFileReference; lastKnownFileType = sourcecode.swift; path = SpotlightClient.swift; sourceTree = "<group>"; };
		EC7F56752B2303DB005C372B /* SpotlightReducerTests.swift */ = {isa = PBXFileReference; lastKnownFileType = sourcecode.swift; path = SpotlightReducerTests.swift; sourceTree = "<group>"; };
		EC7F56772B230D9E005C372B /* EnergyCalculator.swift */ = {isa = PBXFileReference; lastKnownFileType = sourcecode.swift; path = EnergyCalculator.swift; sourceTree = "<group>"; };
		EC7F567A2B23136D005C372B /* EnergyBreakdownChart.swift */ = {isa = PBXFileReference; lastKnownFileType = sourcecode.swift; path = EnergyBreakdownChart.swift; sourceTree = "<group>"; };
		EC7F567C2B237036005C372B /* EnergyCalculatorTests.swift */ = {isa = PBXFileReference; lastKnownFileType = sourcecode.swift; path = EnergyCalculatorTests.swift; sourceTree = "<group>"; };
		EC7F56812B2397B3005C372B /* BillboardClient.swift */ = {isa = PBXFileReference; lastKnownFileType = sourcecode.swift; path = BillboardClient.swift; sourceTree = "<group>"; };
		EC7F56832B24638B005C372B /* BillboardReducer.swift */ = {isa = PBXFileReference; lastKnownFileType = sourcecode.swift; path = BillboardReducer.swift; sourceTree = "<group>"; };
		EC7F56852B2466F6005C372B /* BillboardReducerTests.swift */ = {isa = PBXFileReference; lastKnownFileType = sourcecode.swift; path = BillboardReducerTests.swift; sourceTree = "<group>"; };
		EC9577AF2B1869760082A0D1 /* FoodDetails.swift */ = {isa = PBXFileReference; lastKnownFileType = sourcecode.swift; path = FoodDetails.swift; sourceTree = "<group>"; };
		EC9577B12B1872E60082A0D1 /* NutritionalValueCard.swift */ = {isa = PBXFileReference; lastKnownFileType = sourcecode.swift; path = NutritionalValueCard.swift; sourceTree = "<group>"; };
		ECA64C222B1DB18E0036EE4F /* Energy.swift */ = {isa = PBXFileReference; lastKnownFileType = sourcecode.swift; path = Energy.swift; sourceTree = "<group>"; };
		ECCA83F52B177A1400C9EF4D /* FoodClient.swift */ = {isa = PBXFileReference; fileEncoding = 4; lastKnownFileType = sourcecode.swift; path = FoodClient.swift; sourceTree = "<group>"; };
/* End PBXFileReference section */

/* Begin PBXFrameworksBuildPhase section */
		EC43E5532B175A140007CD40 /* Frameworks */ = {
			isa = PBXFrameworksBuildPhase;
			buildActionMask = 2147483647;
			files = (
				EC7F56802B2395E7005C372B /* Billboard in Frameworks */,
				EC2799862B19ECE900D9E4B0 /* ComposableArchitecture in Frameworks */,
				EC7DC28D2B1F32C400BC8FD5 /* GRDB in Frameworks */,
				EC87FC4E2B21B4BA006B8B28 /* AsyncAlgorithms in Frameworks */,
			);
			runOnlyForDeploymentPostprocessing = 0;
		};
		EC43E5672B175A160007CD40 /* Frameworks */ = {
			isa = PBXFrameworksBuildPhase;
			buildActionMask = 2147483647;
			files = (
			);
			runOnlyForDeploymentPostprocessing = 0;
		};
/* End PBXFrameworksBuildPhase section */

/* Begin PBXGroup section */
		EC27998B2B1B382500D9E4B0 /* Food List */ = {
			isa = PBXGroup;
			children = (
				EC7F56832B24638B005C372B /* BillboardReducer.swift */,
				EC43E55B2B175A140007CD40 /* FoodList.swift */,
				EC27998C2B1B385200D9E4B0 /* FoodListReducer.swift */,
				EC4717A52B1C4DD5007B491C /* FoodListRow.swift */,
				EC7F56712B221519005C372B /* SpotlightReducer.swift */,
			);
			path = "Food List";
			sourceTree = "<group>";
		};
		EC27998E2B1B38EC00D9E4B0 /* Food Details */ = {
			isa = PBXGroup;
			children = (
				EC7F567A2B23136D005C372B /* EnergyBreakdownChart.swift */,
				EC9577AF2B1869760082A0D1 /* FoodDetails.swift */,
				EC27998F2B1B390E00D9E4B0 /* FoodDetailsReducer.swift */,
				EC9577B12B1872E60082A0D1 /* NutritionalValueCard.swift */,
			);
			path = "Food Details";
			sourceTree = "<group>";
		};
		EC43E54D2B175A140007CD40 = {
			isa = PBXGroup;
			children = (
				EC7DC28A2B1E02B600BC8FD5 /* FoodSpec.xctestplan */,
				EC43E5582B175A140007CD40 /* FoodSpec */,
				EC43E56D2B175A160007CD40 /* FoodSpecTests */,
				EC43E5572B175A140007CD40 /* Products */,
			);
			sourceTree = "<group>";
		};
		EC43E5572B175A140007CD40 /* Products */ = {
			isa = PBXGroup;
			children = (
				EC43E5562B175A140007CD40 /* FoodSpec.app */,
				EC43E56A2B175A160007CD40 /* FoodSpecTests.xctest */,
			);
			name = Products;
			sourceTree = "<group>";
		};
		EC43E5582B175A140007CD40 /* FoodSpec */ = {
			isa = PBXGroup;
			children = (
				EC43E5642B175A160007CD40 /* FoodSpec.entitlements */,
				EC2799872B1B2BBA00D9E4B0 /* APIKeys.json */,
				EC43E5652B175A160007CD40 /* Info.plist */,
				EC43E5592B175A140007CD40 /* FoodSpecApp.swift */,
				EC43E55F2B175A160007CD40 /* Assets.xcassets */,
				ECA64C212B1C53380036EE4F /* Clients */,
				EC27998E2B1B38EC00D9E4B0 /* Food Details */,
				EC27998B2B1B382500D9E4B0 /* Food List */,
				EC4717A12B1B8041007B491C /* Model */,
				EC43E5612B175A160007CD40 /* Preview Content */,
				EC7F56792B230DA3005C372B /* Utilities */,
			);
			path = FoodSpec;
			sourceTree = "<group>";
		};
		EC43E5612B175A160007CD40 /* Preview Content */ = {
			isa = PBXGroup;
			children = (
				EC43E5622B175A160007CD40 /* Preview Assets.xcassets */,
			);
			path = "Preview Content";
			sourceTree = "<group>";
		};
		EC43E56D2B175A160007CD40 /* FoodSpecTests */ = {
			isa = PBXGroup;
			children = (
				EC7F567C2B237036005C372B /* EnergyCalculatorTests.swift */,
				EC7DC2882B1DF22900BC8FD5 /* FoodListReducerTests.swift */,
				EC7F56852B2466F6005C372B /* BillboardReducerTests.swift */,
				EC7F56752B2303DB005C372B /* SpotlightReducerTests.swift */,
			);
			path = FoodSpecTests;
			sourceTree = "<group>";
		};
		EC4717A12B1B8041007B491C /* Model */ = {
			isa = PBXGroup;
			children = (
				ECA64C222B1DB18E0036EE4F /* Energy.swift */,
				EC4717A32B1B8474007B491C /* Quantity.swift */,
				EC4717A22B1B804B007B491C /* Food */,
			);
			path = Model;
			sourceTree = "<group>";
		};
		EC4717A22B1B804B007B491C /* Food */ = {
			isa = PBXGroup;
			children = (
				EC7DC2912B1F375100BC8FD5 /* Food.swift */,
			);
			path = Food;
			sourceTree = "<group>";
		};
		EC7F56792B230DA3005C372B /* Utilities */ = {
			isa = PBXGroup;
			children = (
				EC7F56772B230D9E005C372B /* EnergyCalculator.swift */,
			);
			path = Utilities;
			sourceTree = "<group>";
		};
		EC864F852B207592004FE264 /* Database */ = {
			isa = PBXGroup;
			children = (
				EC7DC2932B1F397D00BC8FD5 /* Database+Creation.swift */,
				EC7DC2972B1F669D00BC8FD5 /* DatabaseClient.swift */,
			);
			path = Database;
			sourceTree = "<group>";
		};
		ECA64C212B1C53380036EE4F /* Clients */ = {
			isa = PBXGroup;
			children = (
				EC2799892B1B304900D9E4B0 /* ApiKeysClient.swift */,
				EC7F56812B2397B3005C372B /* BillboardClient.swift */,
				ECCA83F52B177A1400C9EF4D /* FoodClient.swift */,
				EC7F56732B221572005C372B /* SpotlightClient.swift */,
				EC7DC2862B1DC38100BC8FD5 /* UserDefaultsClient.swift */,
				EC864F852B207592004FE264 /* Database */,
			);
			path = Clients;
			sourceTree = "<group>";
		};
/* End PBXGroup section */

/* Begin PBXNativeTarget section */
		EC43E5552B175A140007CD40 /* FoodSpec */ = {
			isa = PBXNativeTarget;
			buildConfigurationList = EC43E57E2B175A160007CD40 /* Build configuration list for PBXNativeTarget "FoodSpec" */;
			buildPhases = (
				EC43E5522B175A140007CD40 /* Sources */,
				EC43E5532B175A140007CD40 /* Frameworks */,
				EC43E5542B175A140007CD40 /* Resources */,
			);
			buildRules = (
			);
			dependencies = (
			);
			name = FoodSpec;
			packageProductDependencies = (
				EC2799852B19ECE900D9E4B0 /* ComposableArchitecture */,
				EC7DC28C2B1F32C400BC8FD5 /* GRDB */,
				EC87FC4D2B21B4BA006B8B28 /* AsyncAlgorithms */,
				EC7F567F2B2395E7005C372B /* Billboard */,
			);
			productName = FoodSpec;
			productReference = EC43E5562B175A140007CD40 /* FoodSpec.app */;
			productType = "com.apple.product-type.application";
		};
		EC43E5692B175A160007CD40 /* FoodSpecTests */ = {
			isa = PBXNativeTarget;
			buildConfigurationList = EC43E5812B175A160007CD40 /* Build configuration list for PBXNativeTarget "FoodSpecTests" */;
			buildPhases = (
				EC43E5662B175A160007CD40 /* Sources */,
				EC43E5672B175A160007CD40 /* Frameworks */,
				EC43E5682B175A160007CD40 /* Resources */,
			);
			buildRules = (
			);
			dependencies = (
				EC43E56C2B175A160007CD40 /* PBXTargetDependency */,
			);
			name = FoodSpecTests;
			productName = FoodSpecTests;
			productReference = EC43E56A2B175A160007CD40 /* FoodSpecTests.xctest */;
			productType = "com.apple.product-type.bundle.unit-test";
		};
/* End PBXNativeTarget section */

/* Begin PBXProject section */
		EC43E54E2B175A140007CD40 /* Project object */ = {
			isa = PBXProject;
			attributes = {
				BuildIndependentTargetsInParallel = 1;
				KnownAssetTags = (
					APIKeys,
				);
				LastSwiftUpdateCheck = 1500;
				LastUpgradeCheck = 1500;
				TargetAttributes = {
					EC43E5552B175A140007CD40 = {
						CreatedOnToolsVersion = 15.0.1;
					};
					EC43E5692B175A160007CD40 = {
						CreatedOnToolsVersion = 15.0.1;
						TestTargetID = EC43E5552B175A140007CD40;
					};
				};
			};
			buildConfigurationList = EC43E5512B175A140007CD40 /* Build configuration list for PBXProject "FoodSpec" */;
			compatibilityVersion = "Xcode 14.0";
			developmentRegion = en;
			hasScannedForEncodings = 0;
			knownRegions = (
				en,
				Base,
			);
			mainGroup = EC43E54D2B175A140007CD40;
			packageReferences = (
				EC2799842B19ECE900D9E4B0 /* XCRemoteSwiftPackageReference "swift-composable-architecture" */,
				EC7DC28B2B1F32C400BC8FD5 /* XCRemoteSwiftPackageReference "GRDB.swift" */,
				EC87FC4C2B21B4BA006B8B28 /* XCRemoteSwiftPackageReference "swift-async-algorithms" */,
				EC7F567E2B2395E7005C372B /* XCRemoteSwiftPackageReference "Billboard" */,
			);
			productRefGroup = EC43E5572B175A140007CD40 /* Products */;
			projectDirPath = "";
			projectRoot = "";
			targets = (
				EC43E5552B175A140007CD40 /* FoodSpec */,
				EC43E5692B175A160007CD40 /* FoodSpecTests */,
			);
		};
/* End PBXProject section */

/* Begin PBXResourcesBuildPhase section */
		EC43E5542B175A140007CD40 /* Resources */ = {
			isa = PBXResourcesBuildPhase;
			buildActionMask = 2147483647;
			files = (
				EC43E5632B175A160007CD40 /* Preview Assets.xcassets in Resources */,
				EC43E5602B175A160007CD40 /* Assets.xcassets in Resources */,
				EC2799882B1B2BBA00D9E4B0 /* APIKeys.json in Resources */,
			);
			runOnlyForDeploymentPostprocessing = 0;
		};
		EC43E5682B175A160007CD40 /* Resources */ = {
			isa = PBXResourcesBuildPhase;
			buildActionMask = 2147483647;
			files = (
			);
			runOnlyForDeploymentPostprocessing = 0;
		};
/* End PBXResourcesBuildPhase section */

/* Begin PBXSourcesBuildPhase section */
		EC43E5522B175A140007CD40 /* Sources */ = {
			isa = PBXSourcesBuildPhase;
			buildActionMask = 2147483647;
			files = (
				EC43E55C2B175A140007CD40 /* FoodList.swift in Sources */,
				EC7DC2952B1F397D00BC8FD5 /* Database+Creation.swift in Sources */,
				EC7F56822B2397B3005C372B /* BillboardClient.swift in Sources */,
				EC9577B02B1869760082A0D1 /* FoodDetails.swift in Sources */,
				EC7DC2872B1DC38100BC8FD5 /* UserDefaultsClient.swift in Sources */,
				EC2799902B1B390E00D9E4B0 /* FoodDetailsReducer.swift in Sources */,
				EC7F56782B230D9E005C372B /* EnergyCalculator.swift in Sources */,
				ECCA83F82B177A1400C9EF4D /* FoodClient.swift in Sources */,
				EC43E55A2B175A140007CD40 /* FoodSpecApp.swift in Sources */,
				EC9577B22B1872E60082A0D1 /* NutritionalValueCard.swift in Sources */,
				EC7DC2922B1F375100BC8FD5 /* Food.swift in Sources */,
				EC7F56722B221519005C372B /* SpotlightReducer.swift in Sources */,
				EC7F56842B24638B005C372B /* BillboardReducer.swift in Sources */,
				EC7DC2982B1F669D00BC8FD5 /* DatabaseClient.swift in Sources */,
				EC4717A62B1C4DD5007B491C /* FoodListRow.swift in Sources */,
				EC4717A42B1B8474007B491C /* Quantity.swift in Sources */,
				EC7F56742B221572005C372B /* SpotlightClient.swift in Sources */,
				ECA64C232B1DB18E0036EE4F /* Energy.swift in Sources */,
				EC27998D2B1B385200D9E4B0 /* FoodListReducer.swift in Sources */,
				EC27998A2B1B304900D9E4B0 /* ApiKeysClient.swift in Sources */,
				EC7F567B2B23136D005C372B /* EnergyBreakdownChart.swift in Sources */,
			);
			runOnlyForDeploymentPostprocessing = 0;
		};
		EC43E5662B175A160007CD40 /* Sources */ = {
			isa = PBXSourcesBuildPhase;
			buildActionMask = 2147483647;
			files = (
				EC7DC2892B1DF22900BC8FD5 /* FoodListReducerTests.swift in Sources */,
				EC7F56762B2303DB005C372B /* SpotlightReducerTests.swift in Sources */,
				EC7F56862B2466F6005C372B /* BillboardReducerTests.swift in Sources */,
				EC7F567D2B237036005C372B /* EnergyCalculatorTests.swift in Sources */,
			);
			runOnlyForDeploymentPostprocessing = 0;
		};
/* End PBXSourcesBuildPhase section */

/* Begin PBXTargetDependency section */
		EC43E56C2B175A160007CD40 /* PBXTargetDependency */ = {
			isa = PBXTargetDependency;
			target = EC43E5552B175A140007CD40 /* FoodSpec */;
			targetProxy = EC43E56B2B175A160007CD40 /* PBXContainerItemProxy */;
		};
/* End PBXTargetDependency section */

/* Begin XCBuildConfiguration section */
		EC43E57C2B175A160007CD40 /* Debug */ = {
			isa = XCBuildConfiguration;
			buildSettings = {
				ALWAYS_SEARCH_USER_PATHS = NO;
				ASSETCATALOG_COMPILER_GENERATE_SWIFT_ASSET_SYMBOL_EXTENSIONS = YES;
				CLANG_ANALYZER_NONNULL = YES;
				CLANG_ANALYZER_NUMBER_OBJECT_CONVERSION = YES_AGGRESSIVE;
				CLANG_CXX_LANGUAGE_STANDARD = "gnu++20";
				CLANG_ENABLE_MODULES = YES;
				CLANG_ENABLE_OBJC_ARC = YES;
				CLANG_ENABLE_OBJC_WEAK = YES;
				CLANG_WARN_BLOCK_CAPTURE_AUTORELEASING = YES;
				CLANG_WARN_BOOL_CONVERSION = YES;
				CLANG_WARN_COMMA = YES;
				CLANG_WARN_CONSTANT_CONVERSION = YES;
				CLANG_WARN_DEPRECATED_OBJC_IMPLEMENTATIONS = YES;
				CLANG_WARN_DIRECT_OBJC_ISA_USAGE = YES_ERROR;
				CLANG_WARN_DOCUMENTATION_COMMENTS = YES;
				CLANG_WARN_EMPTY_BODY = YES;
				CLANG_WARN_ENUM_CONVERSION = YES;
				CLANG_WARN_INFINITE_RECURSION = YES;
				CLANG_WARN_INT_CONVERSION = YES;
				CLANG_WARN_NON_LITERAL_NULL_CONVERSION = YES;
				CLANG_WARN_OBJC_IMPLICIT_RETAIN_SELF = YES;
				CLANG_WARN_OBJC_LITERAL_CONVERSION = YES;
				CLANG_WARN_OBJC_ROOT_CLASS = YES_ERROR;
				CLANG_WARN_QUOTED_INCLUDE_IN_FRAMEWORK_HEADER = YES;
				CLANG_WARN_RANGE_LOOP_ANALYSIS = YES;
				CLANG_WARN_STRICT_PROTOTYPES = YES;
				CLANG_WARN_SUSPICIOUS_MOVE = YES;
				CLANG_WARN_UNGUARDED_AVAILABILITY = YES_AGGRESSIVE;
				CLANG_WARN_UNREACHABLE_CODE = YES;
				CLANG_WARN__DUPLICATE_METHOD_MATCH = YES;
				COPY_PHASE_STRIP = NO;
				DEBUG_INFORMATION_FORMAT = dwarf;
				ENABLE_STRICT_OBJC_MSGSEND = YES;
				ENABLE_TESTABILITY = YES;
				ENABLE_USER_SCRIPT_SANDBOXING = YES;
				GCC_C_LANGUAGE_STANDARD = gnu17;
				GCC_DYNAMIC_NO_PIC = NO;
				GCC_NO_COMMON_BLOCKS = YES;
				GCC_OPTIMIZATION_LEVEL = 0;
				GCC_PREPROCESSOR_DEFINITIONS = (
					"DEBUG=1",
					"$(inherited)",
				);
				GCC_WARN_64_TO_32_BIT_CONVERSION = YES;
				GCC_WARN_ABOUT_RETURN_TYPE = YES_ERROR;
				GCC_WARN_UNDECLARED_SELECTOR = YES;
				GCC_WARN_UNINITIALIZED_AUTOS = YES_AGGRESSIVE;
				GCC_WARN_UNUSED_FUNCTION = YES;
				GCC_WARN_UNUSED_VARIABLE = YES;
				IPHONEOS_DEPLOYMENT_TARGET = 17.0;
				LOCALIZATION_PREFERS_STRING_CATALOGS = YES;
				MTL_ENABLE_DEBUG_INFO = INCLUDE_SOURCE;
				MTL_FAST_MATH = YES;
				ONLY_ACTIVE_ARCH = YES;
				SDKROOT = iphoneos;
				SWIFT_ACTIVE_COMPILATION_CONDITIONS = "DEBUG $(inherited)";
				SWIFT_OPTIMIZATION_LEVEL = "-Onone";
			};
			name = Debug;
		};
		EC43E57D2B175A160007CD40 /* Release */ = {
			isa = XCBuildConfiguration;
			buildSettings = {
				ALWAYS_SEARCH_USER_PATHS = NO;
				ASSETCATALOG_COMPILER_GENERATE_SWIFT_ASSET_SYMBOL_EXTENSIONS = YES;
				CLANG_ANALYZER_NONNULL = YES;
				CLANG_ANALYZER_NUMBER_OBJECT_CONVERSION = YES_AGGRESSIVE;
				CLANG_CXX_LANGUAGE_STANDARD = "gnu++20";
				CLANG_ENABLE_MODULES = YES;
				CLANG_ENABLE_OBJC_ARC = YES;
				CLANG_ENABLE_OBJC_WEAK = YES;
				CLANG_WARN_BLOCK_CAPTURE_AUTORELEASING = YES;
				CLANG_WARN_BOOL_CONVERSION = YES;
				CLANG_WARN_COMMA = YES;
				CLANG_WARN_CONSTANT_CONVERSION = YES;
				CLANG_WARN_DEPRECATED_OBJC_IMPLEMENTATIONS = YES;
				CLANG_WARN_DIRECT_OBJC_ISA_USAGE = YES_ERROR;
				CLANG_WARN_DOCUMENTATION_COMMENTS = YES;
				CLANG_WARN_EMPTY_BODY = YES;
				CLANG_WARN_ENUM_CONVERSION = YES;
				CLANG_WARN_INFINITE_RECURSION = YES;
				CLANG_WARN_INT_CONVERSION = YES;
				CLANG_WARN_NON_LITERAL_NULL_CONVERSION = YES;
				CLANG_WARN_OBJC_IMPLICIT_RETAIN_SELF = YES;
				CLANG_WARN_OBJC_LITERAL_CONVERSION = YES;
				CLANG_WARN_OBJC_ROOT_CLASS = YES_ERROR;
				CLANG_WARN_QUOTED_INCLUDE_IN_FRAMEWORK_HEADER = YES;
				CLANG_WARN_RANGE_LOOP_ANALYSIS = YES;
				CLANG_WARN_STRICT_PROTOTYPES = YES;
				CLANG_WARN_SUSPICIOUS_MOVE = YES;
				CLANG_WARN_UNGUARDED_AVAILABILITY = YES_AGGRESSIVE;
				CLANG_WARN_UNREACHABLE_CODE = YES;
				CLANG_WARN__DUPLICATE_METHOD_MATCH = YES;
				COPY_PHASE_STRIP = NO;
				DEBUG_INFORMATION_FORMAT = "dwarf-with-dsym";
				ENABLE_NS_ASSERTIONS = NO;
				ENABLE_STRICT_OBJC_MSGSEND = YES;
				ENABLE_USER_SCRIPT_SANDBOXING = YES;
				GCC_C_LANGUAGE_STANDARD = gnu17;
				GCC_NO_COMMON_BLOCKS = YES;
				GCC_WARN_64_TO_32_BIT_CONVERSION = YES;
				GCC_WARN_ABOUT_RETURN_TYPE = YES_ERROR;
				GCC_WARN_UNDECLARED_SELECTOR = YES;
				GCC_WARN_UNINITIALIZED_AUTOS = YES_AGGRESSIVE;
				GCC_WARN_UNUSED_FUNCTION = YES;
				GCC_WARN_UNUSED_VARIABLE = YES;
				IPHONEOS_DEPLOYMENT_TARGET = 17.0;
				LOCALIZATION_PREFERS_STRING_CATALOGS = YES;
				MTL_ENABLE_DEBUG_INFO = NO;
				MTL_FAST_MATH = YES;
				SDKROOT = iphoneos;
				SWIFT_COMPILATION_MODE = wholemodule;
				VALIDATE_PRODUCT = YES;
			};
			name = Release;
		};
		EC43E57F2B175A160007CD40 /* Debug */ = {
			isa = XCBuildConfiguration;
			buildSettings = {
				ASSETCATALOG_COMPILER_APPICON_NAME = AppIcon;
				ASSETCATALOG_COMPILER_GLOBAL_ACCENT_COLOR_NAME = AccentColor;
				CODE_SIGN_ENTITLEMENTS = FoodSpec/FoodSpec.entitlements;
				CODE_SIGN_STYLE = Automatic;
				CURRENT_PROJECT_VERSION = 1;
				DEVELOPMENT_ASSET_PATHS = "\"FoodSpec/Preview Content\"";
				DEVELOPMENT_TEAM = S587A4HQ4C;
				ENABLE_PREVIEWS = YES;
				GENERATE_INFOPLIST_FILE = YES;
				INFOPLIST_FILE = FoodSpec/Info.plist;
				INFOPLIST_KEY_CFBundleDisplayName = FoodDB;
				INFOPLIST_KEY_UIApplicationSceneManifest_Generation = YES;
				INFOPLIST_KEY_UIApplicationSupportsIndirectInputEvents = YES;
				INFOPLIST_KEY_UILaunchScreen_Generation = YES;
				INFOPLIST_KEY_UISupportedInterfaceOrientations_iPad = "UIInterfaceOrientationPortrait UIInterfaceOrientationPortraitUpsideDown UIInterfaceOrientationLandscapeLeft UIInterfaceOrientationLandscapeRight";
				INFOPLIST_KEY_UISupportedInterfaceOrientations_iPhone = "UIInterfaceOrientationPortrait UIInterfaceOrientationLandscapeLeft UIInterfaceOrientationLandscapeRight";
				LD_RUNPATH_SEARCH_PATHS = (
					"$(inherited)",
					"@executable_path/Frameworks",
				);
				MARKETING_VERSION = 1.0;
				ON_DEMAND_RESOURCES_INITIAL_INSTALL_TAGS = APIKeys;
				PRODUCT_BUNDLE_IDENTIFIER = com.victorsocaciu.FoodSpec;
				PRODUCT_NAME = "$(TARGET_NAME)";
				SWIFT_EMIT_LOC_STRINGS = YES;
				SWIFT_VERSION = 5.0;
				TARGETED_DEVICE_FAMILY = "1,2";
			};
			name = Debug;
		};
		EC43E5802B175A160007CD40 /* Release */ = {
			isa = XCBuildConfiguration;
			buildSettings = {
				ASSETCATALOG_COMPILER_APPICON_NAME = AppIcon;
				ASSETCATALOG_COMPILER_GLOBAL_ACCENT_COLOR_NAME = AccentColor;
				CODE_SIGN_ENTITLEMENTS = FoodSpec/FoodSpec.entitlements;
				CODE_SIGN_STYLE = Automatic;
				CURRENT_PROJECT_VERSION = 1;
				DEVELOPMENT_ASSET_PATHS = "\"FoodSpec/Preview Content\"";
				DEVELOPMENT_TEAM = S587A4HQ4C;
				ENABLE_PREVIEWS = YES;
				GENERATE_INFOPLIST_FILE = YES;
				INFOPLIST_FILE = FoodSpec/Info.plist;
				INFOPLIST_KEY_CFBundleDisplayName = FoodDB;
				INFOPLIST_KEY_UIApplicationSceneManifest_Generation = YES;
				INFOPLIST_KEY_UIApplicationSupportsIndirectInputEvents = YES;
				INFOPLIST_KEY_UILaunchScreen_Generation = YES;
				INFOPLIST_KEY_UISupportedInterfaceOrientations_iPad = "UIInterfaceOrientationPortrait UIInterfaceOrientationPortraitUpsideDown UIInterfaceOrientationLandscapeLeft UIInterfaceOrientationLandscapeRight";
				INFOPLIST_KEY_UISupportedInterfaceOrientations_iPhone = "UIInterfaceOrientationPortrait UIInterfaceOrientationLandscapeLeft UIInterfaceOrientationLandscapeRight";
				LD_RUNPATH_SEARCH_PATHS = (
					"$(inherited)",
					"@executable_path/Frameworks",
				);
				MARKETING_VERSION = 1.0;
				ON_DEMAND_RESOURCES_INITIAL_INSTALL_TAGS = APIKeys;
				PRODUCT_BUNDLE_IDENTIFIER = com.victorsocaciu.FoodSpec;
				PRODUCT_NAME = "$(TARGET_NAME)";
				SWIFT_EMIT_LOC_STRINGS = YES;
				SWIFT_VERSION = 5.0;
				TARGETED_DEVICE_FAMILY = "1,2";
			};
			name = Release;
		};
		EC43E5822B175A160007CD40 /* Debug */ = {
			isa = XCBuildConfiguration;
			buildSettings = {
				ALWAYS_EMBED_SWIFT_STANDARD_LIBRARIES = YES;
				BUNDLE_LOADER = "$(TEST_HOST)";
				CODE_SIGN_STYLE = Automatic;
				CURRENT_PROJECT_VERSION = 1;
				DEVELOPMENT_TEAM = S587A4HQ4C;
				GENERATE_INFOPLIST_FILE = YES;
				IPHONEOS_DEPLOYMENT_TARGET = 17.0;
				MARKETING_VERSION = 1.0;
				PRODUCT_BUNDLE_IDENTIFIER = com.victorsocaciu.FoodSpecTests;
				PRODUCT_NAME = "$(TARGET_NAME)";
				SWIFT_EMIT_LOC_STRINGS = NO;
				SWIFT_VERSION = 5.0;
				TARGETED_DEVICE_FAMILY = "1,2";
				TEST_HOST = "$(BUILT_PRODUCTS_DIR)/FoodSpec.app/$(BUNDLE_EXECUTABLE_FOLDER_PATH)/FoodSpec";
			};
			name = Debug;
		};
		EC43E5832B175A160007CD40 /* Release */ = {
			isa = XCBuildConfiguration;
			buildSettings = {
				ALWAYS_EMBED_SWIFT_STANDARD_LIBRARIES = YES;
				BUNDLE_LOADER = "$(TEST_HOST)";
				CODE_SIGN_STYLE = Automatic;
				CURRENT_PROJECT_VERSION = 1;
				DEVELOPMENT_TEAM = S587A4HQ4C;
				GENERATE_INFOPLIST_FILE = YES;
				IPHONEOS_DEPLOYMENT_TARGET = 17.0;
				MARKETING_VERSION = 1.0;
				PRODUCT_BUNDLE_IDENTIFIER = com.victorsocaciu.FoodSpecTests;
				PRODUCT_NAME = "$(TARGET_NAME)";
				SWIFT_EMIT_LOC_STRINGS = NO;
				SWIFT_VERSION = 5.0;
				TARGETED_DEVICE_FAMILY = "1,2";
				TEST_HOST = "$(BUILT_PRODUCTS_DIR)/FoodSpec.app/$(BUNDLE_EXECUTABLE_FOLDER_PATH)/FoodSpec";
			};
			name = Release;
		};
/* End XCBuildConfiguration section */

/* Begin XCConfigurationList section */
		EC43E5512B175A140007CD40 /* Build configuration list for PBXProject "FoodSpec" */ = {
			isa = XCConfigurationList;
			buildConfigurations = (
				EC43E57C2B175A160007CD40 /* Debug */,
				EC43E57D2B175A160007CD40 /* Release */,
			);
			defaultConfigurationIsVisible = 0;
			defaultConfigurationName = Release;
		};
		EC43E57E2B175A160007CD40 /* Build configuration list for PBXNativeTarget "FoodSpec" */ = {
			isa = XCConfigurationList;
			buildConfigurations = (
				EC43E57F2B175A160007CD40 /* Debug */,
				EC43E5802B175A160007CD40 /* Release */,
			);
			defaultConfigurationIsVisible = 0;
			defaultConfigurationName = Release;
		};
		EC43E5812B175A160007CD40 /* Build configuration list for PBXNativeTarget "FoodSpecTests" */ = {
			isa = XCConfigurationList;
			buildConfigurations = (
				EC43E5822B175A160007CD40 /* Debug */,
				EC43E5832B175A160007CD40 /* Release */,
			);
			defaultConfigurationIsVisible = 0;
			defaultConfigurationName = Release;
		};
/* End XCConfigurationList section */

/* Begin XCRemoteSwiftPackageReference section */
		EC2799842B19ECE900D9E4B0 /* XCRemoteSwiftPackageReference "swift-composable-architecture" */ = {
			isa = XCRemoteSwiftPackageReference;
			repositoryURL = "https://github.com/pointfreeco/swift-composable-architecture";
			requirement = {
				branch = "observation-beta";
				kind = branch;
			};
		};
		EC7DC28B2B1F32C400BC8FD5 /* XCRemoteSwiftPackageReference "GRDB.swift" */ = {
			isa = XCRemoteSwiftPackageReference;
			repositoryURL = "https://github.com/groue/GRDB.swift.git";
			requirement = {
				kind = upToNextMajorVersion;
				minimumVersion = 6.23.0;
			};
		};
		EC7F567E2B2395E7005C372B /* XCRemoteSwiftPackageReference "Billboard" */ = {
			isa = XCRemoteSwiftPackageReference;
			repositoryURL = "https://github.com/hiddevdploeg/Billboard";
			requirement = {
				kind = upToNextMajorVersion;
				minimumVersion = 1.0.2;
			};
		};
		EC87FC4C2B21B4BA006B8B28 /* XCRemoteSwiftPackageReference "swift-async-algorithms" */ = {
			isa = XCRemoteSwiftPackageReference;
			repositoryURL = "https://github.com/apple/swift-async-algorithms.git";
			requirement = {
				kind = upToNextMajorVersion;
				minimumVersion = 1.0.0;
			};
		};
/* End XCRemoteSwiftPackageReference section */

/* Begin XCSwiftPackageProductDependency section */
		EC2799852B19ECE900D9E4B0 /* ComposableArchitecture */ = {
			isa = XCSwiftPackageProductDependency;
			package = EC2799842B19ECE900D9E4B0 /* XCRemoteSwiftPackageReference "swift-composable-architecture" */;
			productName = ComposableArchitecture;
		};
		EC7DC28C2B1F32C400BC8FD5 /* GRDB */ = {
			isa = XCSwiftPackageProductDependency;
			package = EC7DC28B2B1F32C400BC8FD5 /* XCRemoteSwiftPackageReference "GRDB.swift" */;
			productName = GRDB;
		};
		EC7F567F2B2395E7005C372B /* Billboard */ = {
			isa = XCSwiftPackageProductDependency;
			package = EC7F567E2B2395E7005C372B /* XCRemoteSwiftPackageReference "Billboard" */;
			productName = Billboard;
		};
		EC87FC4D2B21B4BA006B8B28 /* AsyncAlgorithms */ = {
			isa = XCSwiftPackageProductDependency;
			package = EC87FC4C2B21B4BA006B8B28 /* XCRemoteSwiftPackageReference "swift-async-algorithms" */;
			productName = AsyncAlgorithms;
		};
/* End XCSwiftPackageProductDependency section */
	};
	rootObject = EC43E54E2B175A140007CD40 /* Project object */;
}
